
Microsoft Visual Studio Solution File, Format Version 12.00
# Visual Studio Version 17
VisualStudioVersion = 17.5.33530.505
MinimumVisualStudioVersion = 10.0.40219.1
Project("{8BC9CEB8-8B4A-11D0-8D11-00A0C91BC942}") = "AKAZE", "AKAZE\AKAZE.vcxproj", "{E6101657-89EC-487C-B8E5-73677BA91F54}"
EndProject
Project("{8BC9CEB8-8B4A-11D0-8D11-00A0C91BC942}") = "SIFT", "SIFT\SIFT.vcxproj", "{60DE8068-F3BB-4F94-850F-8192BD7E7047}"
EndProject
Global
	GlobalSection(SolutionConfigurationPlatforms) = preSolution
		Debug|x64 = Debug|x64
		Debug|x86 = Debug|x86
		Release|x64 = Release|x64
		Release|x86 = Release|x86
	EndGlobalSection
	GlobalSection(ProjectConfigurationPlatforms) = postSolution
		{E6101657-89EC-487C-B8E5-73677BA91F54}.Debug|x64.ActiveCfg = Debug|x64
		{E6101657-89EC-487C-B8E5-73677BA91F54}.Debug|x64.Build.0 = Debug|x64
		{E6101657-89EC-487C-B8E5-73677BA91F54}.Debug|x86.ActiveCfg = Debug|Win32
		{E6101657-89EC-487C-B8E5-73677BA91F54}.Debug|x86.Build.0 = Debug|Win32
		{E6101657-89EC-487C-B8E5-73677BA91F54}.Release|x64.ActiveCfg = Release|x64
		{E6101657-89EC-487C-B8E5-73677BA91F54}.Release|x64.Build.0 = Release|x64
		{E6101657-89EC-487C-B8E5-73677BA91F54}.Release|x86.ActiveCfg = Release|Win32
		{E6101657-89EC-487C-B8E5-73677BA91F54}.Release|x86.Build.0 = Release|Win32
		{60DE8068-F3BB-4F94-850F-8192BD7E7047}.Debug|x64.ActiveCfg = Debug|x64
		{60DE8068-F3BB-4F94-850F-8192BD7E7047}.Debug|x64.Build.0 = Debug|x64
		{60DE8068-F3BB-4F94-850F-8192BD7E7047}.Debug|x86.ActiveCfg = Debug|Win32
		{60DE8068-F3BB-4F94-850F-8192BD7E7047}.Debug|x86.Build.0 = Debug|Win32
		{60DE8068-F3BB-4F94-850F-8192BD7E7047}.Release|x64.ActiveCfg = Release|x64
		{60DE8068-F3BB-4F94-850F-8192BD7E7047}.Release|x64.Build.0 = Release|x64
		{60DE8068-F3BB-4F94-850F-8192BD7E7047}.Release|x86.ActiveCfg = Release|Win32
		{60DE8068-F3BB-4F94-850F-8192BD7E7047}.Release|x86.Build.0 = Release|Win32
	EndGlobalSection
	GlobalSection(SolutionProperties) = preSolution
		HideSolutionNode = FALSE
	EndGlobalSection
	GlobalSection(ExtensibilityGlobals) = postSolution
		SolutionGuid = {2BC2E1C3-3DBC-4C38-A796-83FE16D0727E}
	EndGlobalSection
EndGlobal
